// !$*UTF8*$!
{
	archiveVersion = 1;
	classes = {
	};
	objectVersion = 56;
	objects = {

/* Begin PBXBuildFile section */
		288F569229A85A1800F93874 /* AppDelegate.swift in Sources */ = {isa = PBXBuildFile; fileRef = 288F569129A85A1800F93874 /* AppDelegate.swift */; };
		288F569429A85A1800F93874 /* SceneDelegate.swift in Sources */ = {isa = PBXBuildFile; fileRef = 288F569329A85A1800F93874 /* SceneDelegate.swift */; };
		288F569629A85A1800F93874 /* HomeViewController.swift in Sources */ = {isa = PBXBuildFile; fileRef = 288F569529A85A1800F93874 /* HomeViewController.swift */; };
		288F569929A85A1800F93874 /* Main.storyboard in Resources */ = {isa = PBXBuildFile; fileRef = 288F569729A85A1800F93874 /* Main.storyboard */; };
		288F569B29A85A1A00F93874 /* Assets.xcassets in Resources */ = {isa = PBXBuildFile; fileRef = 288F569A29A85A1A00F93874 /* Assets.xcassets */; };
		288F569E29A85A1A00F93874 /* LaunchScreen.storyboard in Resources */ = {isa = PBXBuildFile; fileRef = 288F569C29A85A1A00F93874 /* LaunchScreen.storyboard */; };
		288F56C429A85EB600F93874 /* SecondViewController.swift in Sources */ = {isa = PBXBuildFile; fileRef = 288F56C329A85EB600F93874 /* SecondViewController.swift */; };
		288F56C729ABFA2600F93874 /* ResponseModel.swift in Sources */ = {isa = PBXBuildFile; fileRef = 288F56C629ABFA2600F93874 /* ResponseModel.swift */; };
		288F56CA29ABFCFF00F93874 /* HomeVCViewModel.swift in Sources */ = {isa = PBXBuildFile; fileRef = 288F56C929ABFCFF00F93874 /* HomeVCViewModel.swift */; };
		288F56CE29ABFDB900F93874 /* WebService.swift in Sources */ = {isa = PBXBuildFile; fileRef = 288F56CD29ABFDB900F93874 /* WebService.swift */; };
		288F56D029AC6C4500F93874 /* SecondVCViewModel.swift in Sources */ = {isa = PBXBuildFile; fileRef = 288F56CF29AC6C4500F93874 /* SecondVCViewModel.swift */; };
		288F56D929ADAB6B00F93874 /* ComeOutOfBoredomUITests.swift in Sources */ = {isa = PBXBuildFile; fileRef = 288F56D829ADAB6B00F93874 /* ComeOutOfBoredomUITests.swift */; };
		288F56DB29ADAB6B00F93874 /* ComeOutOfBoredomUITestsLaunchTests.swift in Sources */ = {isa = PBXBuildFile; fileRef = 288F56DA29ADAB6B00F93874 /* ComeOutOfBoredomUITestsLaunchTests.swift */; };
/* End PBXBuildFile section */

/* Begin PBXContainerItemProxy section */
		288F56DC29ADAB6B00F93874 /* PBXContainerItemProxy */ = {
			isa = PBXContainerItemProxy;
			containerPortal = 288F568629A85A1800F93874 /* Project object */;
			proxyType = 1;
			remoteGlobalIDString = 288F568D29A85A1800F93874;
			remoteInfo = ComeOutOfBoredom;
		};
/* End PBXContainerItemProxy section */

/* Begin PBXFileReference section */
		288F568E29A85A1800F93874 /* ComeOutOfBoredom.app */ = {isa = PBXFileReference; explicitFileType = wrapper.application; includeInIndex = 0; path = ComeOutOfBoredom.app; sourceTree = BUILT_PRODUCTS_DIR; };
		288F569129A85A1800F93874 /* AppDelegate.swift */ = {isa = PBXFileReference; lastKnownFileType = sourcecode.swift; path = AppDelegate.swift; sourceTree = "<group>"; };
		288F569329A85A1800F93874 /* SceneDelegate.swift */ = {isa = PBXFileReference; lastKnownFileType = sourcecode.swift; path = SceneDelegate.swift; sourceTree = "<group>"; };
		288F569529A85A1800F93874 /* HomeViewController.swift */ = {isa = PBXFileReference; lastKnownFileType = sourcecode.swift; path = HomeViewController.swift; sourceTree = "<group>"; };
		288F569829A85A1800F93874 /* Base */ = {isa = PBXFileReference; lastKnownFileType = file.storyboard; name = Base; path = Base.lproj/Main.storyboard; sourceTree = "<group>"; };
		288F569A29A85A1A00F93874 /* Assets.xcassets */ = {isa = PBXFileReference; lastKnownFileType = folder.assetcatalog; path = Assets.xcassets; sourceTree = "<group>"; };
		288F569D29A85A1A00F93874 /* Base */ = {isa = PBXFileReference; lastKnownFileType = file.storyboard; name = Base; path = Base.lproj/LaunchScreen.storyboard; sourceTree = "<group>"; };
		288F569F29A85A1A00F93874 /* Info.plist */ = {isa = PBXFileReference; lastKnownFileType = text.plist.xml; path = Info.plist; sourceTree = "<group>"; };
		288F56C329A85EB600F93874 /* SecondViewController.swift */ = {isa = PBXFileReference; lastKnownFileType = sourcecode.swift; path = SecondViewController.swift; sourceTree = "<group>"; };
		288F56C629ABFA2600F93874 /* ResponseModel.swift */ = {isa = PBXFileReference; lastKnownFileType = sourcecode.swift; path = ResponseModel.swift; sourceTree = "<group>"; };
		288F56C929ABFCFF00F93874 /* HomeVCViewModel.swift */ = {isa = PBXFileReference; lastKnownFileType = sourcecode.swift; path = HomeVCViewModel.swift; sourceTree = "<group>"; };
		288F56CD29ABFDB900F93874 /* WebService.swift */ = {isa = PBXFileReference; lastKnownFileType = sourcecode.swift; path = WebService.swift; sourceTree = "<group>"; };
		288F56CF29AC6C4500F93874 /* SecondVCViewModel.swift */ = {isa = PBXFileReference; lastKnownFileType = sourcecode.swift; path = SecondVCViewModel.swift; sourceTree = "<group>"; };
		288F56D629ADAB6B00F93874 /* ComeOutOfBoredomUITests.xctest */ = {isa = PBXFileReference; explicitFileType = wrapper.cfbundle; includeInIndex = 0; path = ComeOutOfBoredomUITests.xctest; sourceTree = BUILT_PRODUCTS_DIR; };
		288F56D829ADAB6B00F93874 /* ComeOutOfBoredomUITests.swift */ = {isa = PBXFileReference; lastKnownFileType = sourcecode.swift; path = ComeOutOfBoredomUITests.swift; sourceTree = "<group>"; };
		288F56DA29ADAB6B00F93874 /* ComeOutOfBoredomUITestsLaunchTests.swift */ = {isa = PBXFileReference; lastKnownFileType = sourcecode.swift; path = ComeOutOfBoredomUITestsLaunchTests.swift; sourceTree = "<group>"; };
/* End PBXFileReference section */

/* Begin PBXFrameworksBuildPhase section */
		288F568B29A85A1800F93874 /* Frameworks */ = {
			isa = PBXFrameworksBuildPhase;
			buildActionMask = 2147483647;
			files = (
			);
			runOnlyForDeploymentPostprocessing = 0;
		};
		288F56D329ADAB6B00F93874 /* Frameworks */ = {
			isa = PBXFrameworksBuildPhase;
			buildActionMask = 2147483647;
			files = (
			);
			runOnlyForDeploymentPostprocessing = 0;
		};
/* End PBXFrameworksBuildPhase section */

/* Begin PBXGroup section */
		288F568529A85A1800F93874 = {
			isa = PBXGroup;
			children = (
				288F569029A85A1800F93874 /* ComeOutOfBoredom */,
				288F56D729ADAB6B00F93874 /* ComeOutOfBoredomUITests */,
				288F568F29A85A1800F93874 /* Products */,
			);
			sourceTree = "<group>";
		};
		288F568F29A85A1800F93874 /* Products */ = {
			isa = PBXGroup;
			children = (
				288F568E29A85A1800F93874 /* ComeOutOfBoredom.app */,
				288F56D629ADAB6B00F93874 /* ComeOutOfBoredomUITests.xctest */,
			);
			name = Products;
			sourceTree = "<group>";
		};
		288F569029A85A1800F93874 /* ComeOutOfBoredom */ = {
			isa = PBXGroup;
			children = (
				288F56D129AD45E600F93874 /* App */,
				288F56CC29ABFD9700F93874 /* Webservice */,
				288F56CB29ABFD1700F93874 /* View */,
				288F56C829ABFCC600F93874 /* ViewModel */,
				288F56C529ABF29F00F93874 /* Model */,
				288F569A29A85A1A00F93874 /* Assets.xcassets */,
				288F569C29A85A1A00F93874 /* LaunchScreen.storyboard */,
				288F569F29A85A1A00F93874 /* Info.plist */,
			);
			path = ComeOutOfBoredom;
			sourceTree = "<group>";
		};
		288F56C529ABF29F00F93874 /* Model */ = {
			isa = PBXGroup;
			children = (
				288F56C629ABFA2600F93874 /* ResponseModel.swift */,
			);
			path = Model;
			sourceTree = "<group>";
		};
		288F56C829ABFCC600F93874 /* ViewModel */ = {
			isa = PBXGroup;
			children = (
				288F56C929ABFCFF00F93874 /* HomeVCViewModel.swift */,
				288F56CF29AC6C4500F93874 /* SecondVCViewModel.swift */,
			);
			path = ViewModel;
			sourceTree = "<group>";
		};
		288F56CB29ABFD1700F93874 /* View */ = {
			isa = PBXGroup;
			children = (
				288F569729A85A1800F93874 /* Main.storyboard */,
				288F569529A85A1800F93874 /* HomeViewController.swift */,
				288F56C329A85EB600F93874 /* SecondViewController.swift */,
			);
			path = View;
			sourceTree = "<group>";
		};
		288F56CC29ABFD9700F93874 /* Webservice */ = {
			isa = PBXGroup;
			children = (
				288F56CD29ABFDB900F93874 /* WebService.swift */,
			);
			path = Webservice;
			sourceTree = "<group>";
		};
		288F56D129AD45E600F93874 /* App */ = {
			isa = PBXGroup;
			children = (
				288F569129A85A1800F93874 /* AppDelegate.swift */,
				288F569329A85A1800F93874 /* SceneDelegate.swift */,
			);
			path = App;
			sourceTree = "<group>";
		};
		288F56D729ADAB6B00F93874 /* ComeOutOfBoredomUITests */ = {
			isa = PBXGroup;
			children = (
				288F56D829ADAB6B00F93874 /* ComeOutOfBoredomUITests.swift */,
				288F56DA29ADAB6B00F93874 /* ComeOutOfBoredomUITestsLaunchTests.swift */,
			);
			path = ComeOutOfBoredomUITests;
			sourceTree = "<group>";
		};
/* End PBXGroup section */

/* Begin PBXNativeTarget section */
		288F568D29A85A1800F93874 /* ComeOutOfBoredom */ = {
			isa = PBXNativeTarget;
			buildConfigurationList = 288F56B829A85A1A00F93874 /* Build configuration list for PBXNativeTarget "ComeOutOfBoredom" */;
			buildPhases = (
				288F568A29A85A1800F93874 /* Sources */,
				288F568B29A85A1800F93874 /* Frameworks */,
				288F568C29A85A1800F93874 /* Resources */,
			);
			buildRules = (
			);
			dependencies = (
			);
			name = ComeOutOfBoredom;
			productName = MyFirstApp;
			productReference = 288F568E29A85A1800F93874 /* ComeOutOfBoredom.app */;
			productType = "com.apple.product-type.application";
		};
		288F56D529ADAB6B00F93874 /* ComeOutOfBoredomUITests */ = {
			isa = PBXNativeTarget;
			buildConfigurationList = 288F56DE29ADAB6B00F93874 /* Build configuration list for PBXNativeTarget "ComeOutOfBoredomUITests" */;
			buildPhases = (
				288F56D229ADAB6B00F93874 /* Sources */,
				288F56D329ADAB6B00F93874 /* Frameworks */,
				288F56D429ADAB6B00F93874 /* Resources */,
			);
			buildRules = (
			);
			dependencies = (
				288F56DD29ADAB6B00F93874 /* PBXTargetDependency */,
			);
			name = ComeOutOfBoredomUITests;
			productName = ComeOutOfBoredomUITests;
			productReference = 288F56D629ADAB6B00F93874 /* ComeOutOfBoredomUITests.xctest */;
			productType = "com.apple.product-type.bundle.ui-testing";
		};
/* End PBXNativeTarget section */

/* Begin PBXProject section */
		288F568629A85A1800F93874 /* Project object */ = {
			isa = PBXProject;
			attributes = {
				BuildIndependentTargetsInParallel = 1;
				LastSwiftUpdateCheck = 1420;
				LastUpgradeCheck = 1420;
				TargetAttributes = {
					288F568D29A85A1800F93874 = {
						CreatedOnToolsVersion = 14.2;
					};
					288F56D529ADAB6B00F93874 = {
						CreatedOnToolsVersion = 14.2;
						TestTargetID = 288F568D29A85A1800F93874;
					};
				};
			};
			buildConfigurationList = 288F568929A85A1800F93874 /* Build configuration list for PBXProject "ComeOutOfBoredom" */;
			compatibilityVersion = "Xcode 14.0";
			developmentRegion = en;
			hasScannedForEncodings = 0;
			knownRegions = (
				en,
				Base,
			);
			mainGroup = 288F568529A85A1800F93874;
			productRefGroup = 288F568F29A85A1800F93874 /* Products */;
			projectDirPath = "";
			projectRoot = "";
			targets = (
				288F568D29A85A1800F93874 /* ComeOutOfBoredom */,
				288F56D529ADAB6B00F93874 /* ComeOutOfBoredomUITests */,
			);
		};
/* End PBXProject section */

/* Begin PBXResourcesBuildPhase section */
		288F568C29A85A1800F93874 /* Resources */ = {
			isa = PBXResourcesBuildPhase;
			buildActionMask = 2147483647;
			files = (
				288F569E29A85A1A00F93874 /* LaunchScreen.storyboard in Resources */,
				288F569B29A85A1A00F93874 /* Assets.xcassets in Resources */,
				288F569929A85A1800F93874 /* Main.storyboard in Resources */,
			);
			runOnlyForDeploymentPostprocessing = 0;
		};
		288F56D429ADAB6B00F93874 /* Resources */ = {
			isa = PBXResourcesBuildPhase;
			buildActionMask = 2147483647;
			files = (
			);
			runOnlyForDeploymentPostprocessing = 0;
		};
/* End PBXResourcesBuildPhase section */

/* Begin PBXSourcesBuildPhase section */
		288F568A29A85A1800F93874 /* Sources */ = {
			isa = PBXSourcesBuildPhase;
			buildActionMask = 2147483647;
			files = (
				288F56C429A85EB600F93874 /* SecondViewController.swift in Sources */,
				288F569629A85A1800F93874 /* HomeViewController.swift in Sources */,
				288F56CE29ABFDB900F93874 /* WebService.swift in Sources */,
				288F56D029AC6C4500F93874 /* SecondVCViewModel.swift in Sources */,
				288F569229A85A1800F93874 /* AppDelegate.swift in Sources */,
				288F56C729ABFA2600F93874 /* ResponseModel.swift in Sources */,
				288F56CA29ABFCFF00F93874 /* HomeVCViewModel.swift in Sources */,
				288F569429A85A1800F93874 /* SceneDelegate.swift in Sources */,
			);
			runOnlyForDeploymentPostprocessing = 0;
		};
		288F56D229ADAB6B00F93874 /* Sources */ = {
			isa = PBXSourcesBuildPhase;
			buildActionMask = 2147483647;
			files = (
				288F56D929ADAB6B00F93874 /* ComeOutOfBoredomUITests.swift in Sources */,
				288F56DB29ADAB6B00F93874 /* ComeOutOfBoredomUITestsLaunchTests.swift in Sources */,
			);
			runOnlyForDeploymentPostprocessing = 0;
		};
/* End PBXSourcesBuildPhase section */

/* Begin PBXTargetDependency section */
		288F56DD29ADAB6B00F93874 /* PBXTargetDependency */ = {
			isa = PBXTargetDependency;
			target = 288F568D29A85A1800F93874 /* ComeOutOfBoredom */;
			targetProxy = 288F56DC29ADAB6B00F93874 /* PBXContainerItemProxy */;
		};
/* End PBXTargetDependency section */

/* Begin PBXVariantGroup section */
		288F569729A85A1800F93874 /* Main.storyboard */ = {
			isa = PBXVariantGroup;
			children = (
				288F569829A85A1800F93874 /* Base */,
			);
			name = Main.storyboard;
			sourceTree = "<group>";
		};
		288F569C29A85A1A00F93874 /* LaunchScreen.storyboard */ = {
			isa = PBXVariantGroup;
			children = (
				288F569D29A85A1A00F93874 /* Base */,
			);
			name = LaunchScreen.storyboard;
			sourceTree = "<group>";
		};
/* End PBXVariantGroup section */

/* Begin XCBuildConfiguration section */
		288F56B629A85A1A00F93874 /* Debug */ = {
			isa = XCBuildConfiguration;
			buildSettings = {
				ALWAYS_SEARCH_USER_PATHS = NO;
				CLANG_ANALYZER_NONNULL = YES;
				CLANG_ANALYZER_NUMBER_OBJECT_CONVERSION = YES_AGGRESSIVE;
				CLANG_CXX_LANGUAGE_STANDARD = "gnu++20";
				CLANG_ENABLE_MODULES = YES;
				CLANG_ENABLE_OBJC_ARC = YES;
				CLANG_ENABLE_OBJC_WEAK = YES;
				CLANG_WARN_BLOCK_CAPTURE_AUTORELEASING = YES;
				CLANG_WARN_BOOL_CONVERSION = YES;
				CLANG_WARN_COMMA = YES;
				CLANG_WARN_CONSTANT_CONVERSION = YES;
				CLANG_WARN_DEPRECATED_OBJC_IMPLEMENTATIONS = YES;
				CLANG_WARN_DIRECT_OBJC_ISA_USAGE = YES_ERROR;
				CLANG_WARN_DOCUMENTATION_COMMENTS = YES;
				CLANG_WARN_EMPTY_BODY = YES;
				CLANG_WARN_ENUM_CONVERSION = YES;
				CLANG_WARN_INFINITE_RECURSION = YES;
				CLANG_WARN_INT_CONVERSION = YES;
				CLANG_WARN_NON_LITERAL_NULL_CONVERSION = YES;
				CLANG_WARN_OBJC_IMPLICIT_RETAIN_SELF = YES;
				CLANG_WARN_OBJC_LITERAL_CONVERSION = YES;
				CLANG_WARN_OBJC_ROOT_CLASS = YES_ERROR;
				CLANG_WARN_QUOTED_INCLUDE_IN_FRAMEWORK_HEADER = YES;
				CLANG_WARN_RANGE_LOOP_ANALYSIS = YES;
				CLANG_WARN_STRICT_PROTOTYPES = YES;
				CLANG_WARN_SUSPICIOUS_MOVE = YES;
				CLANG_WARN_UNGUARDED_AVAILABILITY = YES_AGGRESSIVE;
				CLANG_WARN_UNREACHABLE_CODE = YES;
				CLANG_WARN__DUPLICATE_METHOD_MATCH = YES;
				COPY_PHASE_STRIP = NO;
				DEBUG_INFORMATION_FORMAT = dwarf;
				ENABLE_STRICT_OBJC_MSGSEND = YES;
				ENABLE_TESTABILITY = YES;
				GCC_C_LANGUAGE_STANDARD = gnu11;
				GCC_DYNAMIC_NO_PIC = NO;
				GCC_NO_COMMON_BLOCKS = YES;
				GCC_OPTIMIZATION_LEVEL = 0;
				GCC_PREPROCESSOR_DEFINITIONS = (
					"DEBUG=1",
					"$(inherited)",
				);
				GCC_WARN_64_TO_32_BIT_CONVERSION = YES;
				GCC_WARN_ABOUT_RETURN_TYPE = YES_ERROR;
				GCC_WARN_UNDECLARED_SELECTOR = YES;
				GCC_WARN_UNINITIALIZED_AUTOS = YES_AGGRESSIVE;
				GCC_WARN_UNUSED_FUNCTION = YES;
				GCC_WARN_UNUSED_VARIABLE = YES;
				IPHONEOS_DEPLOYMENT_TARGET = 16.2;
				MTL_ENABLE_DEBUG_INFO = INCLUDE_SOURCE;
				MTL_FAST_MATH = YES;
				ONLY_ACTIVE_ARCH = YES;
				SDKROOT = iphoneos;
				SWIFT_ACTIVE_COMPILATION_CONDITIONS = DEBUG;
				SWIFT_OPTIMIZATION_LEVEL = "-Onone";
			};
			name = Debug;
		};
		288F56B729A85A1A00F93874 /* Release */ = {
			isa = XCBuildConfiguration;
			buildSettings = {
				ALWAYS_SEARCH_USER_PATHS = NO;
				CLANG_ANALYZER_NONNULL = YES;
				CLANG_ANALYZER_NUMBER_OBJECT_CONVERSION = YES_AGGRESSIVE;
				CLANG_CXX_LANGUAGE_STANDARD = "gnu++20";
				CLANG_ENABLE_MODULES = YES;
				CLANG_ENABLE_OBJC_ARC = YES;
				CLANG_ENABLE_OBJC_WEAK = YES;
				CLANG_WARN_BLOCK_CAPTURE_AUTORELEASING = YES;
				CLANG_WARN_BOOL_CONVERSION = YES;
				CLANG_WARN_COMMA = YES;
				CLANG_WARN_CONSTANT_CONVERSION = YES;
				CLANG_WARN_DEPRECATED_OBJC_IMPLEMENTATIONS = YES;
				CLANG_WARN_DIRECT_OBJC_ISA_USAGE = YES_ERROR;
				CLANG_WARN_DOCUMENTATION_COMMENTS = YES;
				CLANG_WARN_EMPTY_BODY = YES;
				CLANG_WARN_ENUM_CONVERSION = YES;
				CLANG_WARN_INFINITE_RECURSION = YES;
				CLANG_WARN_INT_CONVERSION = YES;
				CLANG_WARN_NON_LITERAL_NULL_CONVERSION = YES;
				CLANG_WARN_OBJC_IMPLICIT_RETAIN_SELF = YES;
				CLANG_WARN_OBJC_LITERAL_CONVERSION = YES;
				CLANG_WARN_OBJC_ROOT_CLASS = YES_ERROR;
				CLANG_WARN_QUOTED_INCLUDE_IN_FRAMEWORK_HEADER = YES;
				CLANG_WARN_RANGE_LOOP_ANALYSIS = YES;
				CLANG_WARN_STRICT_PROTOTYPES = YES;
				CLANG_WARN_SUSPICIOUS_MOVE = YES;
				CLANG_WARN_UNGUARDED_AVAILABILITY = YES_AGGRESSIVE;
				CLANG_WARN_UNREACHABLE_CODE = YES;
				CLANG_WARN__DUPLICATE_METHOD_MATCH = YES;
				COPY_PHASE_STRIP = NO;
				DEBUG_INFORMATION_FORMAT = "dwarf-with-dsym";
				ENABLE_NS_ASSERTIONS = NO;
				ENABLE_STRICT_OBJC_MSGSEND = YES;
				GCC_C_LANGUAGE_STANDARD = gnu11;
				GCC_NO_COMMON_BLOCKS = YES;
				GCC_WARN_64_TO_32_BIT_CONVERSION = YES;
				GCC_WARN_ABOUT_RETURN_TYPE = YES_ERROR;
				GCC_WARN_UNDECLARED_SELECTOR = YES;
				GCC_WARN_UNINITIALIZED_AUTOS = YES_AGGRESSIVE;
				GCC_WARN_UNUSED_FUNCTION = YES;
				GCC_WARN_UNUSED_VARIABLE = YES;
				IPHONEOS_DEPLOYMENT_TARGET = 16.2;
				MTL_ENABLE_DEBUG_INFO = NO;
				MTL_FAST_MATH = YES;
				SDKROOT = iphoneos;
				SWIFT_COMPILATION_MODE = wholemodule;
				SWIFT_OPTIMIZATION_LEVEL = "-O";
				VALIDATE_PRODUCT = YES;
			};
			name = Release;
		};
		288F56B929A85A1A00F93874 /* Debug */ = {
			isa = XCBuildConfiguration;
			buildSettings = {
				ASSETCATALOG_COMPILER_APPICON_NAME = AppIcon;
				ASSETCATALOG_COMPILER_GLOBAL_ACCENT_COLOR_NAME = AccentColor;
				CODE_SIGN_STYLE = Automatic;
				CURRENT_PROJECT_VERSION = 1;
				GENERATE_INFOPLIST_FILE = YES;
				INFOPLIST_FILE = ComeOutOfBoredom/Info.plist;
				INFOPLIST_KEY_UIApplicationSupportsIndirectInputEvents = YES;
				INFOPLIST_KEY_UILaunchStoryboardName = LaunchScreen;
				INFOPLIST_KEY_UIMainStoryboardFile = Main;
				INFOPLIST_KEY_UISupportedInterfaceOrientations = UIInterfaceOrientationPortrait;
				INFOPLIST_KEY_UISupportedInterfaceOrientations_iPad = "UIInterfaceOrientationLandscapeLeft UIInterfaceOrientationLandscapeRight UIInterfaceOrientationPortrait UIInterfaceOrientationPortraitUpsideDown";
				LD_RUNPATH_SEARCH_PATHS = (
					"$(inherited)",
					"@executable_path/Frameworks",
				);
				MARKETING_VERSION = 1.0;
				PRODUCT_BUNDLE_IDENTIFIER = "com.amita.apple-samplecode.MyFirstApp";
				PRODUCT_NAME = "$(TARGET_NAME)";
				SUPPORTED_PLATFORMS = "iphoneos iphonesimulator";
				SUPPORTS_MACCATALYST = NO;
				SUPPORTS_MAC_DESIGNED_FOR_IPHONE_IPAD = NO;
				SWIFT_EMIT_LOC_STRINGS = YES;
				SWIFT_VERSION = 5.0;
				TARGETED_DEVICE_FAMILY = 1;
			};
			name = Debug;
		};
		288F56BA29A85A1A00F93874 /* Release */ = {
			isa = XCBuildConfiguration;
			buildSettings = {
				ASSETCATALOG_COMPILER_APPICON_NAME = AppIcon;
				ASSETCATALOG_COMPILER_GLOBAL_ACCENT_COLOR_NAME = AccentColor;
				CODE_SIGN_STYLE = Automatic;
				CURRENT_PROJECT_VERSION = 1;
				GENERATE_INFOPLIST_FILE = YES;
				INFOPLIST_FILE = ComeOutOfBoredom/Info.plist;
				INFOPLIST_KEY_UIApplicationSupportsIndirectInputEvents = YES;
				INFOPLIST_KEY_UILaunchStoryboardName = LaunchScreen;
				INFOPLIST_KEY_UIMainStoryboardFile = Main;
				INFOPLIST_KEY_UISupportedInterfaceOrientations = UIInterfaceOrientationPortrait;
				INFOPLIST_KEY_UISupportedInterfaceOrientations_iPad = "UIInterfaceOrientationLandscapeLeft UIInterfaceOrientationLandscapeRight UIInterfaceOrientationPortrait UIInterfaceOrientationPortraitUpsideDown";
				LD_RUNPATH_SEARCH_PATHS = (
					"$(inherited)",
					"@executable_path/Frameworks",
				);
				MARKETING_VERSION = 1.0;
				PRODUCT_BUNDLE_IDENTIFIER = "com.amita.apple-samplecode.MyFirstApp";
				PRODUCT_NAME = "$(TARGET_NAME)";
				SUPPORTED_PLATFORMS = "iphoneos iphonesimulator";
				SUPPORTS_MACCATALYST = NO;
				SUPPORTS_MAC_DESIGNED_FOR_IPHONE_IPAD = NO;
				SWIFT_EMIT_LOC_STRINGS = YES;
				SWIFT_VERSION = 5.0;
				TARGETED_DEVICE_FAMILY = 1;
			};
			name = Release;
		};
		288F56DF29ADAB6B00F93874 /* Debug */ = {
			isa = XCBuildConfiguration;
			buildSettings = {
				CODE_SIGN_STYLE = Automatic;
				CURRENT_PROJECT_VERSION = 1;
				GENERATE_INFOPLIST_FILE = YES;
				MARKETING_VERSION = 1.0;
				PRODUCT_BUNDLE_IDENTIFIER = "com.amita.apple-samplecode.ComeOutOfBoredomUITests";
				PRODUCT_NAME = "$(TARGET_NAME)";
				SWIFT_EMIT_LOC_STRINGS = NO;
				SWIFT_VERSION = 5.0;
				TARGETED_DEVICE_FAMILY = "1,2";
				TEST_TARGET_NAME = ComeOutOfBoredom;
			};
			name = Debug;
		};
		288F56E029ADAB6B00F93874 /* Release */ = {
			isa = XCBuildConfiguration;
			buildSettings = {
				CODE_SIGN_STYLE = Automatic;
				CURRENT_PROJECT_VERSION = 1;
				GENERATE_INFOPLIST_FILE = YES;
				MARKETING_VERSION = 1.0;
				PRODUCT_BUNDLE_IDENTIFIER = "com.amita.apple-samplecode.ComeOutOfBoredomUITests";
				PRODUCT_NAME = "$(TARGET_NAME)";
				SWIFT_EMIT_LOC_STRINGS = NO;
				SWIFT_VERSION = 5.0;
				TARGETED_DEVICE_FAMILY = "1,2";
				TEST_TARGET_NAME = ComeOutOfBoredom;
			};
			name = Release;
		};
/* End XCBuildConfiguration section */

/* Begin XCConfigurationList section */
		288F568929A85A1800F93874 /* Build configuration list for PBXProject "ComeOutOfBoredom" */ = {
			isa = XCConfigurationList;
			buildConfigurations = (
				288F56B629A85A1A00F93874 /* Debug */,
				288F56B729A85A1A00F93874 /* Release */,
			);
			defaultConfigurationIsVisible = 0;
			defaultConfigurationName = Release;
		};
		288F56B829A85A1A00F93874 /* Build configuration list for PBXNativeTarget "ComeOutOfBoredom" */ = {
			isa = XCConfigurationList;
			buildConfigurations = (
				288F56B929A85A1A00F93874 /* Debug */,
				288F56BA29A85A1A00F93874 /* Release */,
			);
			defaultConfigurationIsVisible = 0;
			defaultConfigurationName = Release;
		};
		288F56DE29ADAB6B00F93874 /* Build configuration list for PBXNativeTarget "ComeOutOfBoredomUITests" */ = {
			isa = XCConfigurationList;
			buildConfigurations = (
				288F56DF29ADAB6B00F93874 /* Debug */,
				288F56E029ADAB6B00F93874 /* Release */,
			);
			defaultConfigurationIsVisible = 0;
			defaultConfigurationName = Release;
		};
/* End XCConfigurationList section */
	};
	rootObject = 288F568629A85A1800F93874 /* Project object */;
}
